// !$*UTF8*$!
{
	archiveVersion = 1;
	classes = {
	};
	objectVersion = 50;
	objects = {

/* Begin PBXBuildFile section */
		859B773D3230963FE6CEC34B /* libPods-NotesUITests.a in Frameworks */ = {isa = PBXBuildFile; fileRef = 9D82A753017970993FE824F9 /* libPods-NotesUITests.a */; };
		952A43348F115DF7DCE1D7DC /* libPods-Notes.a in Frameworks */ = {isa = PBXBuildFile; fileRef = F873F179C2D4D0754B189DF0 /* libPods-Notes.a */; };
		CD1455B022D21C3300624217 /* Config.swift in Sources */ = {isa = PBXBuildFile; fileRef = CD1455AF22D21C3300624217 /* Config.swift */; };
		CD2359BB22CE86310011A612 /* AppDelegate.swift in Sources */ = {isa = PBXBuildFile; fileRef = CD2359BA22CE86310011A612 /* AppDelegate.swift */; };
		CD2359BD22CE86310011A612 /* ViewController.swift in Sources */ = {isa = PBXBuildFile; fileRef = CD2359BC22CE86310011A612 /* ViewController.swift */; };
		CD2359C022CE86310011A612 /* Main.storyboard in Resources */ = {isa = PBXBuildFile; fileRef = CD2359BE22CE86310011A612 /* Main.storyboard */; };
		CD2359C222CE86320011A612 /* Assets.xcassets in Resources */ = {isa = PBXBuildFile; fileRef = CD2359C122CE86320011A612 /* Assets.xcassets */; };
		CD2359C522CE86320011A612 /* LaunchScreen.storyboard in Resources */ = {isa = PBXBuildFile; fileRef = CD2359C322CE86320011A612 /* LaunchScreen.storyboard */; };
		CD2359D022CE86330011A612 /* NotesTests.swift in Sources */ = {isa = PBXBuildFile; fileRef = CD2359CF22CE86330011A612 /* NotesTests.swift */; };
		CD2359DB22CE86330011A612 /* NotesUITests.swift in Sources */ = {isa = PBXBuildFile; fileRef = CD2359DA22CE86330011A612 /* NotesUITests.swift */; };
		CD2359EC22CE867B0011A612 /* NoteExtension.swift in Sources */ = {isa = PBXBuildFile; fileRef = CD2359E922CE867A0011A612 /* NoteExtension.swift */; };
		CD2359ED22CE867B0011A612 /* NoteExtension.swift in Sources */ = {isa = PBXBuildFile; fileRef = CD2359E922CE867A0011A612 /* NoteExtension.swift */; };
		CD2359EE22CE867B0011A612 /* FileNotebook.swift in Sources */ = {isa = PBXBuildFile; fileRef = CD2359EA22CE867A0011A612 /* FileNotebook.swift */; };
		CD2359EF22CE867B0011A612 /* FileNotebook.swift in Sources */ = {isa = PBXBuildFile; fileRef = CD2359EA22CE867A0011A612 /* FileNotebook.swift */; };
		CD2359F022CE867B0011A612 /* Note.swift in Sources */ = {isa = PBXBuildFile; fileRef = CD2359EB22CE867A0011A612 /* Note.swift */; };
		CD2359F122CE867B0011A612 /* Note.swift in Sources */ = {isa = PBXBuildFile; fileRef = CD2359EB22CE867A0011A612 /* Note.swift */; };
		CD2359F422CE86EF0011A612 /* NotesExtensionTest.swift in Sources */ = {isa = PBXBuildFile; fileRef = CD2359F222CE86EE0011A612 /* NotesExtensionTest.swift */; };
		CD2359F522CE86EF0011A612 /* FileNotebookTests.swift in Sources */ = {isa = PBXBuildFile; fileRef = CD2359F322CE86EE0011A612 /* FileNotebookTests.swift */; };
		CD5CEA1122D49077008066A6 /* ColorExtension.swift in Sources */ = {isa = PBXBuildFile; fileRef = CD5CEA1022D49077008066A6 /* ColorExtension.swift */; };
		CD5CEA1222D490F9008066A6 /* ColorExtension.swift in Sources */ = {isa = PBXBuildFile; fileRef = CD5CEA1022D49077008066A6 /* ColorExtension.swift */; };
		F9B9F29E0D5124F8CE22FCE2 /* libPods-NotesTests.a in Frameworks */ = {isa = PBXBuildFile; fileRef = 239BDC7919343FF66EA8D847 /* libPods-NotesTests.a */; };
/* End PBXBuildFile section */

/* Begin PBXContainerItemProxy section */
		CD2359CC22CE86330011A612 /* PBXContainerItemProxy */ = {
			isa = PBXContainerItemProxy;
			containerPortal = CD2359AF22CE86310011A612 /* Project object */;
			proxyType = 1;
			remoteGlobalIDString = CD2359B622CE86310011A612;
			remoteInfo = Notes;
		};
		CD2359D722CE86330011A612 /* PBXContainerItemProxy */ = {
			isa = PBXContainerItemProxy;
			containerPortal = CD2359AF22CE86310011A612 /* Project object */;
			proxyType = 1;
			remoteGlobalIDString = CD2359B622CE86310011A612;
			remoteInfo = Notes;
		};
/* End PBXContainerItemProxy section */

/* Begin PBXFileReference section */
		239BDC7919343FF66EA8D847 /* libPods-NotesTests.a */ = {isa = PBXFileReference; explicitFileType = archive.ar; includeInIndex = 0; path = "libPods-NotesTests.a"; sourceTree = BUILT_PRODUCTS_DIR; };
		2D67EED35E2B076F786C18B8 /* Pods-NotesTests.qa.xcconfig */ = {isa = PBXFileReference; includeInIndex = 1; lastKnownFileType = text.xcconfig; name = "Pods-NotesTests.qa.xcconfig"; path = "Target Support Files/Pods-NotesTests/Pods-NotesTests.qa.xcconfig"; sourceTree = "<group>"; };
		4E85F1E033CCDE7C67FFFB43 /* Pods-Notes.release.xcconfig */ = {isa = PBXFileReference; includeInIndex = 1; lastKnownFileType = text.xcconfig; name = "Pods-Notes.release.xcconfig"; path = "Target Support Files/Pods-Notes/Pods-Notes.release.xcconfig"; sourceTree = "<group>"; };
		8AA18B41BC25AE0F20C60B42 /* Pods-Notes.debug.xcconfig */ = {isa = PBXFileReference; includeInIndex = 1; lastKnownFileType = text.xcconfig; name = "Pods-Notes.debug.xcconfig"; path = "Target Support Files/Pods-Notes/Pods-Notes.debug.xcconfig"; sourceTree = "<group>"; };
		98F341F9A479AE4294CD16B5 /* Pods-NotesTests.debug.xcconfig */ = {isa = PBXFileReference; includeInIndex = 1; lastKnownFileType = text.xcconfig; name = "Pods-NotesTests.debug.xcconfig"; path = "Target Support Files/Pods-NotesTests/Pods-NotesTests.debug.xcconfig"; sourceTree = "<group>"; };
		9A494C2B67109CBCDFF725BF /* Pods-NotesUITests.debug.xcconfig */ = {isa = PBXFileReference; includeInIndex = 1; lastKnownFileType = text.xcconfig; name = "Pods-NotesUITests.debug.xcconfig"; path = "Target Support Files/Pods-NotesUITests/Pods-NotesUITests.debug.xcconfig"; sourceTree = "<group>"; };
		9D82A753017970993FE824F9 /* libPods-NotesUITests.a */ = {isa = PBXFileReference; explicitFileType = archive.ar; includeInIndex = 0; path = "libPods-NotesUITests.a"; sourceTree = BUILT_PRODUCTS_DIR; };
		CD1455A922D214E200624217 /* ConfigInfo.txt */ = {isa = PBXFileReference; lastKnownFileType = text; path = ConfigInfo.txt; sourceTree = "<group>"; };
		CD1455AF22D21C3300624217 /* Config.swift */ = {isa = PBXFileReference; lastKnownFileType = sourcecode.swift; path = Config.swift; sourceTree = "<group>"; };
		CD2359B722CE86310011A612 /* Notes.app */ = {isa = PBXFileReference; explicitFileType = wrapper.application; includeInIndex = 0; path = Notes.app; sourceTree = BUILT_PRODUCTS_DIR; };
		CD2359BA22CE86310011A612 /* AppDelegate.swift */ = {isa = PBXFileReference; lastKnownFileType = sourcecode.swift; path = AppDelegate.swift; sourceTree = "<group>"; };
		CD2359BC22CE86310011A612 /* ViewController.swift */ = {isa = PBXFileReference; lastKnownFileType = sourcecode.swift; path = ViewController.swift; sourceTree = "<group>"; };
		CD2359BF22CE86310011A612 /* Base */ = {isa = PBXFileReference; lastKnownFileType = file.storyboard; name = Base; path = Base.lproj/Main.storyboard; sourceTree = "<group>"; };
		CD2359C122CE86320011A612 /* Assets.xcassets */ = {isa = PBXFileReference; lastKnownFileType = folder.assetcatalog; path = Assets.xcassets; sourceTree = "<group>"; };
		CD2359C422CE86320011A612 /* Base */ = {isa = PBXFileReference; lastKnownFileType = file.storyboard; name = Base; path = Base.lproj/LaunchScreen.storyboard; sourceTree = "<group>"; };
		CD2359C622CE86320011A612 /* Info.plist */ = {isa = PBXFileReference; lastKnownFileType = text.plist.xml; path = Info.plist; sourceTree = "<group>"; };
		CD2359CB22CE86330011A612 /* NotesTests.xctest */ = {isa = PBXFileReference; explicitFileType = wrapper.cfbundle; includeInIndex = 0; path = NotesTests.xctest; sourceTree = BUILT_PRODUCTS_DIR; };
		CD2359CF22CE86330011A612 /* NotesTests.swift */ = {isa = PBXFileReference; lastKnownFileType = sourcecode.swift; path = NotesTests.swift; sourceTree = "<group>"; };
		CD2359D122CE86330011A612 /* Info.plist */ = {isa = PBXFileReference; lastKnownFileType = text.plist.xml; path = Info.plist; sourceTree = "<group>"; };
		CD2359D622CE86330011A612 /* NotesUITests.xctest */ = {isa = PBXFileReference; explicitFileType = wrapper.cfbundle; includeInIndex = 0; path = NotesUITests.xctest; sourceTree = BUILT_PRODUCTS_DIR; };
		CD2359DA22CE86330011A612 /* NotesUITests.swift */ = {isa = PBXFileReference; lastKnownFileType = sourcecode.swift; path = NotesUITests.swift; sourceTree = "<group>"; };
		CD2359DC22CE86330011A612 /* Info.plist */ = {isa = PBXFileReference; lastKnownFileType = text.plist.xml; path = Info.plist; sourceTree = "<group>"; };
		CD2359E922CE867A0011A612 /* NoteExtension.swift */ = {isa = PBXFileReference; fileEncoding = 4; lastKnownFileType = sourcecode.swift; path = NoteExtension.swift; sourceTree = "<group>"; };
		CD2359EA22CE867A0011A612 /* FileNotebook.swift */ = {isa = PBXFileReference; fileEncoding = 4; lastKnownFileType = sourcecode.swift; path = FileNotebook.swift; sourceTree = "<group>"; };
		CD2359EB22CE867A0011A612 /* Note.swift */ = {isa = PBXFileReference; fileEncoding = 4; lastKnownFileType = sourcecode.swift; path = Note.swift; sourceTree = "<group>"; };
		CD2359F222CE86EE0011A612 /* NotesExtensionTest.swift */ = {isa = PBXFileReference; fileEncoding = 4; lastKnownFileType = sourcecode.swift; path = NotesExtensionTest.swift; sourceTree = "<group>"; };
		CD2359F322CE86EE0011A612 /* FileNotebookTests.swift */ = {isa = PBXFileReference; fileEncoding = 4; lastKnownFileType = sourcecode.swift; path = FileNotebookTests.swift; sourceTree = "<group>"; };
		CD5CEA1022D49077008066A6 /* ColorExtension.swift */ = {isa = PBXFileReference; fileEncoding = 4; lastKnownFileType = sourcecode.swift; path = ColorExtension.swift; sourceTree = "<group>"; };
		D1CF0A15657E916CF88560E0 /* Pods-NotesTests.release.xcconfig */ = {isa = PBXFileReference; includeInIndex = 1; lastKnownFileType = text.xcconfig; name = "Pods-NotesTests.release.xcconfig"; path = "Target Support Files/Pods-NotesTests/Pods-NotesTests.release.xcconfig"; sourceTree = "<group>"; };
		D58BEE42C3656BE8F868E210 /* Pods-Notes.qa.xcconfig */ = {isa = PBXFileReference; includeInIndex = 1; lastKnownFileType = text.xcconfig; name = "Pods-Notes.qa.xcconfig"; path = "Target Support Files/Pods-Notes/Pods-Notes.qa.xcconfig"; sourceTree = "<group>"; };
		EB83248E72045F763E342FF6 /* Pods-NotesUITests.qa.xcconfig */ = {isa = PBXFileReference; includeInIndex = 1; lastKnownFileType = text.xcconfig; name = "Pods-NotesUITests.qa.xcconfig"; path = "Target Support Files/Pods-NotesUITests/Pods-NotesUITests.qa.xcconfig"; sourceTree = "<group>"; };
		F873F179C2D4D0754B189DF0 /* libPods-Notes.a */ = {isa = PBXFileReference; explicitFileType = archive.ar; includeInIndex = 0; path = "libPods-Notes.a"; sourceTree = BUILT_PRODUCTS_DIR; };
		FCB50763E451763597C4365D /* Pods-NotesUITests.release.xcconfig */ = {isa = PBXFileReference; includeInIndex = 1; lastKnownFileType = text.xcconfig; name = "Pods-NotesUITests.release.xcconfig"; path = "Target Support Files/Pods-NotesUITests/Pods-NotesUITests.release.xcconfig"; sourceTree = "<group>"; };
/* End PBXFileReference section */

/* Begin PBXFrameworksBuildPhase section */
		CD2359B422CE86310011A612 /* Frameworks */ = {
			isa = PBXFrameworksBuildPhase;
			buildActionMask = 2147483647;
			files = (
				952A43348F115DF7DCE1D7DC /* libPods-Notes.a in Frameworks */,
			);
			runOnlyForDeploymentPostprocessing = 0;
		};
		CD2359C822CE86330011A612 /* Frameworks */ = {
			isa = PBXFrameworksBuildPhase;
			buildActionMask = 2147483647;
			files = (
				F9B9F29E0D5124F8CE22FCE2 /* libPods-NotesTests.a in Frameworks */,
			);
			runOnlyForDeploymentPostprocessing = 0;
		};
		CD2359D322CE86330011A612 /* Frameworks */ = {
			isa = PBXFrameworksBuildPhase;
			buildActionMask = 2147483647;
			files = (
				859B773D3230963FE6CEC34B /* libPods-NotesUITests.a in Frameworks */,
			);
			runOnlyForDeploymentPostprocessing = 0;
		};
/* End PBXFrameworksBuildPhase section */

/* Begin PBXGroup section */
		467E8621072D0763AE001983 /* Frameworks */ = {
			isa = PBXGroup;
			children = (
				F873F179C2D4D0754B189DF0 /* libPods-Notes.a */,
				239BDC7919343FF66EA8D847 /* libPods-NotesTests.a */,
				9D82A753017970993FE824F9 /* libPods-NotesUITests.a */,
			);
			name = Frameworks;
			sourceTree = "<group>";
		};
		CD1455A822D2149900624217 /* Documentation */ = {
			isa = PBXGroup;
			children = (
				CD1455A922D214E200624217 /* ConfigInfo.txt */,
			);
			path = Documentation;
			sourceTree = "<group>";
		};
		CD1455AE22D21C2600624217 /* Config */ = {
			isa = PBXGroup;
			children = (
				CD1455AF22D21C3300624217 /* Config.swift */,
			);
			path = Config;
			sourceTree = "<group>";
		};
		CD2359AE22CE86310011A612 = {
			isa = PBXGroup;
			children = (
				CD2359B922CE86310011A612 /* Notes */,
				CD2359CE22CE86330011A612 /* NotesTests */,
				CD2359D922CE86330011A612 /* NotesUITests */,
				CD2359B822CE86310011A612 /* Products */,
				F45ED15F67FE8BA63A517068 /* Pods */,
				467E8621072D0763AE001983 /* Frameworks */,
			);
			sourceTree = "<group>";
		};
		CD2359B822CE86310011A612 /* Products */ = {
			isa = PBXGroup;
			children = (
				CD2359B722CE86310011A612 /* Notes.app */,
				CD2359CB22CE86330011A612 /* NotesTests.xctest */,
				CD2359D622CE86330011A612 /* NotesUITests.xctest */,
			);
			name = Products;
			sourceTree = "<group>";
		};
		CD2359B922CE86310011A612 /* Notes */ = {
			isa = PBXGroup;
			children = (
				CD1455AE22D21C2600624217 /* Config */,
				CD1455A822D2149900624217 /* Documentation */,
				CD5CEA0F22D49077008066A6 /* Extensions */,
				CD2359E822CE863B0011A612 /* Model */,
				CD2359BA22CE86310011A612 /* AppDelegate.swift */,
				CD2359BC22CE86310011A612 /* ViewController.swift */,
				CD2359BE22CE86310011A612 /* Main.storyboard */,
				CD2359C122CE86320011A612 /* Assets.xcassets */,
				CD2359C322CE86320011A612 /* LaunchScreen.storyboard */,
				CD2359C622CE86320011A612 /* Info.plist */,
			);
			path = Notes;
			sourceTree = "<group>";
		};
		CD2359CE22CE86330011A612 /* NotesTests */ = {
			isa = PBXGroup;
			children = (
				CD2359CF22CE86330011A612 /* NotesTests.swift */,
				CD2359D122CE86330011A612 /* Info.plist */,
				CD2359F322CE86EE0011A612 /* FileNotebookTests.swift */,
				CD2359F222CE86EE0011A612 /* NotesExtensionTest.swift */,
			);
			path = NotesTests;
			sourceTree = "<group>";
		};
		CD2359D922CE86330011A612 /* NotesUITests */ = {
			isa = PBXGroup;
			children = (
				CD2359DA22CE86330011A612 /* NotesUITests.swift */,
				CD2359DC22CE86330011A612 /* Info.plist */,
			);
			path = NotesUITests;
			sourceTree = "<group>";
		};
		CD2359E822CE863B0011A612 /* Model */ = {
			isa = PBXGroup;
			children = (
				CD2359EB22CE867A0011A612 /* Note.swift */,
				CD2359E922CE867A0011A612 /* NoteExtension.swift */,
				CD2359EA22CE867A0011A612 /* FileNotebook.swift */,
			);
			path = Model;
			sourceTree = "<group>";
		};
		CD5CEA0F22D49077008066A6 /* Extensions */ = {
			isa = PBXGroup;
			children = (
				CD5CEA1022D49077008066A6 /* ColorExtension.swift */,
			);
			path = Extensions;
			sourceTree = "<group>";
		};
		F45ED15F67FE8BA63A517068 /* Pods */ = {
			isa = PBXGroup;
			children = (
				8AA18B41BC25AE0F20C60B42 /* Pods-Notes.debug.xcconfig */,
				4E85F1E033CCDE7C67FFFB43 /* Pods-Notes.release.xcconfig */,
				D58BEE42C3656BE8F868E210 /* Pods-Notes.qa.xcconfig */,
				98F341F9A479AE4294CD16B5 /* Pods-NotesTests.debug.xcconfig */,
				D1CF0A15657E916CF88560E0 /* Pods-NotesTests.release.xcconfig */,
				2D67EED35E2B076F786C18B8 /* Pods-NotesTests.qa.xcconfig */,
				9A494C2B67109CBCDFF725BF /* Pods-NotesUITests.debug.xcconfig */,
				FCB50763E451763597C4365D /* Pods-NotesUITests.release.xcconfig */,
				EB83248E72045F763E342FF6 /* Pods-NotesUITests.qa.xcconfig */,
			);
			path = Pods;
			sourceTree = "<group>";
		};
/* End PBXGroup section */

/* Begin PBXNativeTarget section */
		CD2359B622CE86310011A612 /* Notes */ = {
			isa = PBXNativeTarget;
			buildConfigurationList = CD2359DF22CE86330011A612 /* Build configuration list for PBXNativeTarget "Notes" */;
			buildPhases = (
				2838DDC28E2B23612F6C59A3 /* [CP] Check Pods Manifest.lock */,
				CD2359B322CE86310011A612 /* Sources */,
				CD2359B422CE86310011A612 /* Frameworks */,
				CD2359B522CE86310011A612 /* Resources */,
			);
			buildRules = (
			);
			dependencies = (
			);
			name = Notes;
			productName = Notes;
			productReference = CD2359B722CE86310011A612 /* Notes.app */;
			productType = "com.apple.product-type.application";
		};
		CD2359CA22CE86330011A612 /* NotesTests */ = {
			isa = PBXNativeTarget;
			buildConfigurationList = CD2359E222CE86330011A612 /* Build configuration list for PBXNativeTarget "NotesTests" */;
			buildPhases = (
				C9FF89378803791E276D3A49 /* [CP] Check Pods Manifest.lock */,
				CD2359C722CE86330011A612 /* Sources */,
				CD2359C822CE86330011A612 /* Frameworks */,
				CD2359C922CE86330011A612 /* Resources */,
			);
			buildRules = (
			);
			dependencies = (
				CD2359CD22CE86330011A612 /* PBXTargetDependency */,
			);
			name = NotesTests;
			productName = NotesTests;
			productReference = CD2359CB22CE86330011A612 /* NotesTests.xctest */;
			productType = "com.apple.product-type.bundle.unit-test";
		};
		CD2359D522CE86330011A612 /* NotesUITests */ = {
			isa = PBXNativeTarget;
			buildConfigurationList = CD2359E522CE86330011A612 /* Build configuration list for PBXNativeTarget "NotesUITests" */;
			buildPhases = (
				B091A25535FBEE9739EBF29B /* [CP] Check Pods Manifest.lock */,
				CD2359D222CE86330011A612 /* Sources */,
				CD2359D322CE86330011A612 /* Frameworks */,
				CD2359D422CE86330011A612 /* Resources */,
			);
			buildRules = (
			);
			dependencies = (
				CD2359D822CE86330011A612 /* PBXTargetDependency */,
			);
			name = NotesUITests;
			productName = NotesUITests;
			productReference = CD2359D622CE86330011A612 /* NotesUITests.xctest */;
			productType = "com.apple.product-type.bundle.ui-testing";
		};
/* End PBXNativeTarget section */

/* Begin PBXProject section */
		CD2359AF22CE86310011A612 /* Project object */ = {
			isa = PBXProject;
			attributes = {
				LastSwiftUpdateCheck = 1020;
				LastUpgradeCheck = 1020;
				ORGANIZATIONNAME = "Paul Vasilenko";
				TargetAttributes = {
					CD2359B622CE86310011A612 = {
						CreatedOnToolsVersion = 10.2.1;
					};
					CD2359CA22CE86330011A612 = {
						CreatedOnToolsVersion = 10.2.1;
						TestTargetID = CD2359B622CE86310011A612;
					};
					CD2359D522CE86330011A612 = {
						CreatedOnToolsVersion = 10.2.1;
						TestTargetID = CD2359B622CE86310011A612;
					};
				};
			};
			buildConfigurationList = CD2359B222CE86310011A612 /* Build configuration list for PBXProject "Notes" */;
			compatibilityVersion = "Xcode 9.3";
			developmentRegion = en;
			hasScannedForEncodings = 0;
			knownRegions = (
				en,
				Base,
			);
			mainGroup = CD2359AE22CE86310011A612;
			productRefGroup = CD2359B822CE86310011A612 /* Products */;
			projectDirPath = "";
			projectRoot = "";
			targets = (
				CD2359B622CE86310011A612 /* Notes */,
				CD2359CA22CE86330011A612 /* NotesTests */,
				CD2359D522CE86330011A612 /* NotesUITests */,
			);
		};
/* End PBXProject section */

/* Begin PBXResourcesBuildPhase section */
		CD2359B522CE86310011A612 /* Resources */ = {
			isa = PBXResourcesBuildPhase;
			buildActionMask = 2147483647;
			files = (
				CD2359C522CE86320011A612 /* LaunchScreen.storyboard in Resources */,
				CD2359C222CE86320011A612 /* Assets.xcassets in Resources */,
				CD2359C022CE86310011A612 /* Main.storyboard in Resources */,
			);
			runOnlyForDeploymentPostprocessing = 0;
		};
		CD2359C922CE86330011A612 /* Resources */ = {
			isa = PBXResourcesBuildPhase;
			buildActionMask = 2147483647;
			files = (
			);
			runOnlyForDeploymentPostprocessing = 0;
		};
		CD2359D422CE86330011A612 /* Resources */ = {
			isa = PBXResourcesBuildPhase;
			buildActionMask = 2147483647;
			files = (
			);
			runOnlyForDeploymentPostprocessing = 0;
		};
/* End PBXResourcesBuildPhase section */

/* Begin PBXShellScriptBuildPhase section */
		2838DDC28E2B23612F6C59A3 /* [CP] Check Pods Manifest.lock */ = {
			isa = PBXShellScriptBuildPhase;
			buildActionMask = 2147483647;
			files = (
			);
			inputFileListPaths = (
			);
			inputPaths = (
				"${PODS_PODFILE_DIR_PATH}/Podfile.lock",
				"${PODS_ROOT}/Manifest.lock",
			);
			name = "[CP] Check Pods Manifest.lock";
			outputFileListPaths = (
			);
			outputPaths = (
				"$(DERIVED_FILE_DIR)/Pods-Notes-checkManifestLockResult.txt",
			);
			runOnlyForDeploymentPostprocessing = 0;
			shellPath = /bin/sh;
			shellScript = "diff \"${PODS_PODFILE_DIR_PATH}/Podfile.lock\" \"${PODS_ROOT}/Manifest.lock\" > /dev/null\nif [ $? != 0 ] ; then\n    # print error to STDERR\n    echo \"error: The sandbox is not in sync with the Podfile.lock. Run 'pod install' or update your CocoaPods installation.\" >&2\n    exit 1\nfi\n# This output is used by Xcode 'outputs' to avoid re-running this script phase.\necho \"SUCCESS\" > \"${SCRIPT_OUTPUT_FILE_0}\"\n";
			showEnvVarsInLog = 0;
		};
		B091A25535FBEE9739EBF29B /* [CP] Check Pods Manifest.lock */ = {
			isa = PBXShellScriptBuildPhase;
			buildActionMask = 2147483647;
			files = (
			);
			inputFileListPaths = (
			);
			inputPaths = (
				"${PODS_PODFILE_DIR_PATH}/Podfile.lock",
				"${PODS_ROOT}/Manifest.lock",
			);
			name = "[CP] Check Pods Manifest.lock";
			outputFileListPaths = (
			);
			outputPaths = (
				"$(DERIVED_FILE_DIR)/Pods-NotesUITests-checkManifestLockResult.txt",
			);
			runOnlyForDeploymentPostprocessing = 0;
			shellPath = /bin/sh;
			shellScript = "diff \"${PODS_PODFILE_DIR_PATH}/Podfile.lock\" \"${PODS_ROOT}/Manifest.lock\" > /dev/null\nif [ $? != 0 ] ; then\n    # print error to STDERR\n    echo \"error: The sandbox is not in sync with the Podfile.lock. Run 'pod install' or update your CocoaPods installation.\" >&2\n    exit 1\nfi\n# This output is used by Xcode 'outputs' to avoid re-running this script phase.\necho \"SUCCESS\" > \"${SCRIPT_OUTPUT_FILE_0}\"\n";
			showEnvVarsInLog = 0;
		};
		C9FF89378803791E276D3A49 /* [CP] Check Pods Manifest.lock */ = {
			isa = PBXShellScriptBuildPhase;
			buildActionMask = 2147483647;
			files = (
			);
			inputFileListPaths = (
			);
			inputPaths = (
				"${PODS_PODFILE_DIR_PATH}/Podfile.lock",
				"${PODS_ROOT}/Manifest.lock",
			);
			name = "[CP] Check Pods Manifest.lock";
			outputFileListPaths = (
			);
			outputPaths = (
				"$(DERIVED_FILE_DIR)/Pods-NotesTests-checkManifestLockResult.txt",
			);
			runOnlyForDeploymentPostprocessing = 0;
			shellPath = /bin/sh;
			shellScript = "diff \"${PODS_PODFILE_DIR_PATH}/Podfile.lock\" \"${PODS_ROOT}/Manifest.lock\" > /dev/null\nif [ $? != 0 ] ; then\n    # print error to STDERR\n    echo \"error: The sandbox is not in sync with the Podfile.lock. Run 'pod install' or update your CocoaPods installation.\" >&2\n    exit 1\nfi\n# This output is used by Xcode 'outputs' to avoid re-running this script phase.\necho \"SUCCESS\" > \"${SCRIPT_OUTPUT_FILE_0}\"\n";
			showEnvVarsInLog = 0;
		};
/* End PBXShellScriptBuildPhase section */

/* Begin PBXSourcesBuildPhase section */
		CD2359B322CE86310011A612 /* Sources */ = {
			isa = PBXSourcesBuildPhase;
			buildActionMask = 2147483647;
			files = (
				CD2359F022CE867B0011A612 /* Note.swift in Sources */,
				CD2359BD22CE86310011A612 /* ViewController.swift in Sources */,
				CD2359EC22CE867B0011A612 /* NoteExtension.swift in Sources */,
				CD2359EE22CE867B0011A612 /* FileNotebook.swift in Sources */,
				CD2359BB22CE86310011A612 /* AppDelegate.swift in Sources */,
				CD5CEA1122D49077008066A6 /* ColorExtension.swift in Sources */,
				CD1455B022D21C3300624217 /* Config.swift in Sources */,
			);
			runOnlyForDeploymentPostprocessing = 0;
		};
		CD2359C722CE86330011A612 /* Sources */ = {
			isa = PBXSourcesBuildPhase;
			buildActionMask = 2147483647;
			files = (
				CD2359F522CE86EF0011A612 /* FileNotebookTests.swift in Sources */,
				CD2359F422CE86EF0011A612 /* NotesExtensionTest.swift in Sources */,
				CD2359EF22CE867B0011A612 /* FileNotebook.swift in Sources */,
				CD2359D022CE86330011A612 /* NotesTests.swift in Sources */,
				CD2359ED22CE867B0011A612 /* NoteExtension.swift in Sources */,
				CD5CEA1222D490F9008066A6 /* ColorExtension.swift in Sources */,
				CD2359F122CE867B0011A612 /* Note.swift in Sources */,
			);
			runOnlyForDeploymentPostprocessing = 0;
		};
		CD2359D222CE86330011A612 /* Sources */ = {
			isa = PBXSourcesBuildPhase;
			buildActionMask = 2147483647;
			files = (
				CD2359DB22CE86330011A612 /* NotesUITests.swift in Sources */,
			);
			runOnlyForDeploymentPostprocessing = 0;
		};
/* End PBXSourcesBuildPhase section */

/* Begin PBXTargetDependency section */
		CD2359CD22CE86330011A612 /* PBXTargetDependency */ = {
			isa = PBXTargetDependency;
			target = CD2359B622CE86310011A612 /* Notes */;
			targetProxy = CD2359CC22CE86330011A612 /* PBXContainerItemProxy */;
		};
		CD2359D822CE86330011A612 /* PBXTargetDependency */ = {
			isa = PBXTargetDependency;
			target = CD2359B622CE86310011A612 /* Notes */;
			targetProxy = CD2359D722CE86330011A612 /* PBXContainerItemProxy */;
		};
/* End PBXTargetDependency section */

/* Begin PBXVariantGroup section */
		CD2359BE22CE86310011A612 /* Main.storyboard */ = {
			isa = PBXVariantGroup;
			children = (
				CD2359BF22CE86310011A612 /* Base */,
			);
			name = Main.storyboard;
			sourceTree = "<group>";
		};
		CD2359C322CE86320011A612 /* LaunchScreen.storyboard */ = {
			isa = PBXVariantGroup;
			children = (
				CD2359C422CE86320011A612 /* Base */,
			);
			name = LaunchScreen.storyboard;
			sourceTree = "<group>";
		};
/* End PBXVariantGroup section */

/* Begin XCBuildConfiguration section */
		CD1455AA22D2161000624217 /* QA */ = {
			isa = XCBuildConfiguration;
			buildSettings = {
				ALWAYS_SEARCH_USER_PATHS = NO;
				CLANG_ANALYZER_NONNULL = YES;
				CLANG_ANALYZER_NUMBER_OBJECT_CONVERSION = YES_AGGRESSIVE;
				CLANG_CXX_LANGUAGE_STANDARD = "gnu++14";
				CLANG_CXX_LIBRARY = "libc++";
				CLANG_ENABLE_MODULES = YES;
				CLANG_ENABLE_OBJC_ARC = YES;
				CLANG_ENABLE_OBJC_WEAK = YES;
				CLANG_WARN_BLOCK_CAPTURE_AUTORELEASING = YES;
				CLANG_WARN_BOOL_CONVERSION = YES;
				CLANG_WARN_COMMA = YES;
				CLANG_WARN_CONSTANT_CONVERSION = YES;
				CLANG_WARN_DEPRECATED_OBJC_IMPLEMENTATIONS = YES;
				CLANG_WARN_DIRECT_OBJC_ISA_USAGE = YES_ERROR;
				CLANG_WARN_DOCUMENTATION_COMMENTS = YES;
				CLANG_WARN_EMPTY_BODY = YES;
				CLANG_WARN_ENUM_CONVERSION = YES;
				CLANG_WARN_INFINITE_RECURSION = YES;
				CLANG_WARN_INT_CONVERSION = YES;
				CLANG_WARN_NON_LITERAL_NULL_CONVERSION = YES;
				CLANG_WARN_OBJC_IMPLICIT_RETAIN_SELF = YES;
				CLANG_WARN_OBJC_LITERAL_CONVERSION = YES;
				CLANG_WARN_OBJC_ROOT_CLASS = YES_ERROR;
				CLANG_WARN_RANGE_LOOP_ANALYSIS = YES;
				CLANG_WARN_STRICT_PROTOTYPES = YES;
				CLANG_WARN_SUSPICIOUS_MOVE = YES;
				CLANG_WARN_UNGUARDED_AVAILABILITY = YES_AGGRESSIVE;
				CLANG_WARN_UNREACHABLE_CODE = YES;
				CLANG_WARN__DUPLICATE_METHOD_MATCH = YES;
				CODE_SIGN_IDENTITY = "iPhone Developer";
				COPY_PHASE_STRIP = NO;
				DEBUG_INFORMATION_FORMAT = "dwarf-with-dsym";
				ENABLE_NS_ASSERTIONS = NO;
				ENABLE_STRICT_OBJC_MSGSEND = YES;
				GCC_C_LANGUAGE_STANDARD = gnu11;
				GCC_NO_COMMON_BLOCKS = YES;
				GCC_PREPROCESSOR_DEFINITIONS = "QA=1";
				GCC_WARN_64_TO_32_BIT_CONVERSION = YES;
				GCC_WARN_ABOUT_RETURN_TYPE = YES_ERROR;
				GCC_WARN_UNDECLARED_SELECTOR = YES;
				GCC_WARN_UNINITIALIZED_AUTOS = YES_AGGRESSIVE;
				GCC_WARN_UNUSED_FUNCTION = YES;
				GCC_WARN_UNUSED_VARIABLE = YES;
				IPHONEOS_DEPLOYMENT_TARGET = 12.2;
				MTL_ENABLE_DEBUG_INFO = NO;
				MTL_FAST_MATH = YES;
				SDKROOT = iphoneos;
				SWIFT_COMPILATION_MODE = wholemodule;
				SWIFT_OPTIMIZATION_LEVEL = "-O";
				VALIDATE_PRODUCT = YES;
			};
			name = QA;
		};
		CD1455AB22D2161000624217 /* QA */ = {
			isa = XCBuildConfiguration;
			baseConfigurationReference = D58BEE42C3656BE8F868E210 /* Pods-Notes.qa.xcconfig */;
			buildSettings = {
				ASSETCATALOG_COMPILER_APPICON_NAME = AppIcon;
				CODE_SIGN_STYLE = Automatic;
				GCC_PREPROCESSOR_DEFINITIONS = "QA=1";
				INFOPLIST_FILE = Notes/Info.plist;
				LD_RUNPATH_SEARCH_PATHS = (
					"$(inherited)",
					"@executable_path/Frameworks",
				);
				OTHER_SWIFT_FLAGS = "-DQA";
				PRODUCT_BUNDLE_IDENTIFIER = co.userow.Notes;
				PRODUCT_NAME = "$(TARGET_NAME)";
				SWIFT_VERSION = 5.0;
				TARGETED_DEVICE_FAMILY = "1,2";
			};
			name = QA;
		};
		CD1455AC22D2161000624217 /* QA */ = {
			isa = XCBuildConfiguration;
			baseConfigurationReference = 2D67EED35E2B076F786C18B8 /* Pods-NotesTests.qa.xcconfig */;
			buildSettings = {
				ALWAYS_EMBED_SWIFT_STANDARD_LIBRARIES = YES;
				BUNDLE_LOADER = "$(TEST_HOST)";
				CODE_SIGN_STYLE = Automatic;
				INFOPLIST_FILE = NotesTests/Info.plist;
				LD_RUNPATH_SEARCH_PATHS = (
					"$(inherited)",
					"@executable_path/Frameworks",
					"@loader_path/Frameworks",
				);
				PRODUCT_BUNDLE_IDENTIFIER = co.userow.NotesTests;
				PRODUCT_NAME = "$(TARGET_NAME)";
				SWIFT_VERSION = 5.0;
				TARGETED_DEVICE_FAMILY = "1,2";
				TEST_HOST = "$(BUILT_PRODUCTS_DIR)/Notes.app/Notes";
			};
			name = QA;
		};
		CD1455AD22D2161000624217 /* QA */ = {
			isa = XCBuildConfiguration;
			baseConfigurationReference = EB83248E72045F763E342FF6 /* Pods-NotesUITests.qa.xcconfig */;
			buildSettings = {
				ALWAYS_EMBED_SWIFT_STANDARD_LIBRARIES = YES;
				CODE_SIGN_STYLE = Automatic;
				INFOPLIST_FILE = NotesUITests/Info.plist;
				LD_RUNPATH_SEARCH_PATHS = (
					"$(inherited)",
					"@executable_path/Frameworks",
					"@loader_path/Frameworks",
				);
				PRODUCT_BUNDLE_IDENTIFIER = co.userow.NotesUITests;
				PRODUCT_NAME = "$(TARGET_NAME)";
				SWIFT_VERSION = 5.0;
				TARGETED_DEVICE_FAMILY = "1,2";
				TEST_TARGET_NAME = Notes;
			};
			name = QA;
		};
		CD2359DD22CE86330011A612 /* Debug */ = {
			isa = XCBuildConfiguration;
			buildSettings = {
				ALWAYS_SEARCH_USER_PATHS = NO;
				CLANG_ANALYZER_NONNULL = YES;
				CLANG_ANALYZER_NUMBER_OBJECT_CONVERSION = YES_AGGRESSIVE;
				CLANG_CXX_LANGUAGE_STANDARD = "gnu++14";
				CLANG_CXX_LIBRARY = "libc++";
				CLANG_ENABLE_MODULES = YES;
				CLANG_ENABLE_OBJC_ARC = YES;
				CLANG_ENABLE_OBJC_WEAK = YES;
				CLANG_WARN_BLOCK_CAPTURE_AUTORELEASING = YES;
				CLANG_WARN_BOOL_CONVERSION = YES;
				CLANG_WARN_COMMA = YES;
				CLANG_WARN_CONSTANT_CONVERSION = YES;
				CLANG_WARN_DEPRECATED_OBJC_IMPLEMENTATIONS = YES;
				CLANG_WARN_DIRECT_OBJC_ISA_USAGE = YES_ERROR;
				CLANG_WARN_DOCUMENTATION_COMMENTS = YES;
				CLANG_WARN_EMPTY_BODY = YES;
				CLANG_WARN_ENUM_CONVERSION = YES;
				CLANG_WARN_INFINITE_RECURSION = YES;
				CLANG_WARN_INT_CONVERSION = YES;
				CLANG_WARN_NON_LITERAL_NULL_CONVERSION = YES;
				CLANG_WARN_OBJC_IMPLICIT_RETAIN_SELF = YES;
				CLANG_WARN_OBJC_LITERAL_CONVERSION = YES;
				CLANG_WARN_OBJC_ROOT_CLASS = YES_ERROR;
				CLANG_WARN_RANGE_LOOP_ANALYSIS = YES;
				CLANG_WARN_STRICT_PROTOTYPES = YES;
				CLANG_WARN_SUSPICIOUS_MOVE = YES;
				CLANG_WARN_UNGUARDED_AVAILABILITY = YES_AGGRESSIVE;
				CLANG_WARN_UNREACHABLE_CODE = YES;
				CLANG_WARN__DUPLICATE_METHOD_MATCH = YES;
				CODE_SIGN_IDENTITY = "iPhone Developer";
				COPY_PHASE_STRIP = NO;
				DEBUG_INFORMATION_FORMAT = dwarf;
				ENABLE_STRICT_OBJC_MSGSEND = YES;
				ENABLE_TESTABILITY = YES;
				GCC_C_LANGUAGE_STANDARD = gnu11;
				GCC_DYNAMIC_NO_PIC = NO;
				GCC_NO_COMMON_BLOCKS = YES;
				GCC_OPTIMIZATION_LEVEL = 0;
				GCC_PREPROCESSOR_DEFINITIONS = (
					"DEBUG=1",
					"$(inherited)",
				);
				GCC_WARN_64_TO_32_BIT_CONVERSION = YES;
				GCC_WARN_ABOUT_RETURN_TYPE = YES_ERROR;
				GCC_WARN_UNDECLARED_SELECTOR = YES;
				GCC_WARN_UNINITIALIZED_AUTOS = YES_AGGRESSIVE;
				GCC_WARN_UNUSED_FUNCTION = YES;
				GCC_WARN_UNUSED_VARIABLE = YES;
				IPHONEOS_DEPLOYMENT_TARGET = 12.2;
				MTL_ENABLE_DEBUG_INFO = INCLUDE_SOURCE;
				MTL_FAST_MATH = YES;
				ONLY_ACTIVE_ARCH = YES;
				SDKROOT = iphoneos;
				SWIFT_ACTIVE_COMPILATION_CONDITIONS = DEBUG;
				SWIFT_OPTIMIZATION_LEVEL = "-Onone";
			};
			name = Debug;
		};
		CD2359DE22CE86330011A612 /* Release */ = {
			isa = XCBuildConfiguration;
			buildSettings = {
				ALWAYS_SEARCH_USER_PATHS = NO;
				CLANG_ANALYZER_NONNULL = YES;
				CLANG_ANALYZER_NUMBER_OBJECT_CONVERSION = YES_AGGRESSIVE;
				CLANG_CXX_LANGUAGE_STANDARD = "gnu++14";
				CLANG_CXX_LIBRARY = "libc++";
				CLANG_ENABLE_MODULES = YES;
				CLANG_ENABLE_OBJC_ARC = YES;
				CLANG_ENABLE_OBJC_WEAK = YES;
				CLANG_WARN_BLOCK_CAPTURE_AUTORELEASING = YES;
				CLANG_WARN_BOOL_CONVERSION = YES;
				CLANG_WARN_COMMA = YES;
				CLANG_WARN_CONSTANT_CONVERSION = YES;
				CLANG_WARN_DEPRECATED_OBJC_IMPLEMENTATIONS = YES;
				CLANG_WARN_DIRECT_OBJC_ISA_USAGE = YES_ERROR;
				CLANG_WARN_DOCUMENTATION_COMMENTS = YES;
				CLANG_WARN_EMPTY_BODY = YES;
				CLANG_WARN_ENUM_CONVERSION = YES;
				CLANG_WARN_INFINITE_RECURSION = YES;
				CLANG_WARN_INT_CONVERSION = YES;
				CLANG_WARN_NON_LITERAL_NULL_CONVERSION = YES;
				CLANG_WARN_OBJC_IMPLICIT_RETAIN_SELF = YES;
				CLANG_WARN_OBJC_LITERAL_CONVERSION = YES;
				CLANG_WARN_OBJC_ROOT_CLASS = YES_ERROR;
				CLANG_WARN_RANGE_LOOP_ANALYSIS = YES;
				CLANG_WARN_STRICT_PROTOTYPES = YES;
				CLANG_WARN_SUSPICIOUS_MOVE = YES;
				CLANG_WARN_UNGUARDED_AVAILABILITY = YES_AGGRESSIVE;
				CLANG_WARN_UNREACHABLE_CODE = YES;
				CLANG_WARN__DUPLICATE_METHOD_MATCH = YES;
				CODE_SIGN_IDENTITY = "iPhone Developer";
				COPY_PHASE_STRIP = NO;
				DEBUG_INFORMATION_FORMAT = "dwarf-with-dsym";
				ENABLE_NS_ASSERTIONS = NO;
				ENABLE_STRICT_OBJC_MSGSEND = YES;
				GCC_C_LANGUAGE_STANDARD = gnu11;
				GCC_NO_COMMON_BLOCKS = YES;
				GCC_WARN_64_TO_32_BIT_CONVERSION = YES;
				GCC_WARN_ABOUT_RETURN_TYPE = YES_ERROR;
				GCC_WARN_UNDECLARED_SELECTOR = YES;
				GCC_WARN_UNINITIALIZED_AUTOS = YES_AGGRESSIVE;
				GCC_WARN_UNUSED_FUNCTION = YES;
				GCC_WARN_UNUSED_VARIABLE = YES;
				IPHONEOS_DEPLOYMENT_TARGET = 12.2;
				MTL_ENABLE_DEBUG_INFO = NO;
				MTL_FAST_MATH = YES;
				SDKROOT = iphoneos;
				SWIFT_COMPILATION_MODE = wholemodule;
				SWIFT_OPTIMIZATION_LEVEL = "-O";
				VALIDATE_PRODUCT = YES;
			};
			name = Release;
		};
		CD2359E022CE86330011A612 /* Debug */ = {
			isa = XCBuildConfiguration;
			baseConfigurationReference = 8AA18B41BC25AE0F20C60B42 /* Pods-Notes.debug.xcconfig */;
			buildSettings = {
				ASSETCATALOG_COMPILER_APPICON_NAME = AppIcon;
				CODE_SIGN_STYLE = Automatic;
				INFOPLIST_FILE = Notes/Info.plist;
				LD_RUNPATH_SEARCH_PATHS = (
					"$(inherited)",
					"@executable_path/Frameworks",
				);
				OTHER_SWIFT_FLAGS = "-DDEBUG";
				PRODUCT_BUNDLE_IDENTIFIER = co.userow.Notes;
				PRODUCT_NAME = "$(TARGET_NAME)";
				SWIFT_VERSION = 5.0;
				TARGETED_DEVICE_FAMILY = "1,2";
			};
			name = Debug;
		};
		CD2359E122CE86330011A612 /* Release */ = {
			isa = XCBuildConfiguration;
			baseConfigurationReference = 4E85F1E033CCDE7C67FFFB43 /* Pods-Notes.release.xcconfig */;
			buildSettings = {
				ASSETCATALOG_COMPILER_APPICON_NAME = AppIcon;
				CODE_SIGN_STYLE = Automatic;
				INFOPLIST_FILE = Notes/Info.plist;
				LD_RUNPATH_SEARCH_PATHS = (
					"$(inherited)",
					"@executable_path/Frameworks",
				);
				PRODUCT_BUNDLE_IDENTIFIER = co.userow.Notes;
				PRODUCT_NAME = "$(TARGET_NAME)";
				SWIFT_VERSION = 5.0;
				TARGETED_DEVICE_FAMILY = "1,2";
			};
			name = Release;
		};
		CD2359E322CE86330011A612 /* Debug */ = {
			isa = XCBuildConfiguration;
			baseConfigurationReference = 98F341F9A479AE4294CD16B5 /* Pods-NotesTests.debug.xcconfig */;
			buildSettings = {
				ALWAYS_EMBED_SWIFT_STANDARD_LIBRARIES = YES;
				BUNDLE_LOADER = "$(TEST_HOST)";
				CODE_SIGN_STYLE = Automatic;
				INFOPLIST_FILE = NotesTests/Info.plist;
				LD_RUNPATH_SEARCH_PATHS = (
					"$(inherited)",
					"@executable_path/Frameworks",
					"@loader_path/Frameworks",
				);
				PRODUCT_BUNDLE_IDENTIFIER = co.userow.NotesTests;
				PRODUCT_NAME = "$(TARGET_NAME)";
				SWIFT_VERSION = 5.0;
				TARGETED_DEVICE_FAMILY = "1,2";
				TEST_HOST = "$(BUILT_PRODUCTS_DIR)/Notes.app/Notes";
			};
			name = Debug;
		};
		CD2359E422CE86330011A612 /* Release */ = {
			isa = XCBuildConfiguration;
			baseConfigurationReference = D1CF0A15657E916CF88560E0 /* Pods-NotesTests.release.xcconfig */;
			buildSettings = {
				ALWAYS_EMBED_SWIFT_STANDARD_LIBRARIES = YES;
				BUNDLE_LOADER = "$(TEST_HOST)";
				CODE_SIGN_STYLE = Automatic;
				INFOPLIST_FILE = NotesTests/Info.plist;
				LD_RUNPATH_SEARCH_PATHS = (
					"$(inherited)",
					"@executable_path/Frameworks",
					"@loader_path/Frameworks",
				);
				PRODUCT_BUNDLE_IDENTIFIER = co.userow.NotesTests;
				PRODUCT_NAME = "$(TARGET_NAME)";
				SWIFT_VERSION = 5.0;
				TARGETED_DEVICE_FAMILY = "1,2";
				TEST_HOST = "$(BUILT_PRODUCTS_DIR)/Notes.app/Notes";
			};
			name = Release;
		};
		CD2359E622CE86330011A612 /* Debug */ = {
			isa = XCBuildConfiguration;
			baseConfigurationReference = 9A494C2B67109CBCDFF725BF /* Pods-NotesUITests.debug.xcconfig */;
			buildSettings = {
				ALWAYS_EMBED_SWIFT_STANDARD_LIBRARIES = YES;
				CODE_SIGN_STYLE = Automatic;
				INFOPLIST_FILE = NotesUITests/Info.plist;
				LD_RUNPATH_SEARCH_PATHS = (
					"$(inherited)",
					"@executable_path/Frameworks",
					"@loader_path/Frameworks",
				);
				PRODUCT_BUNDLE_IDENTIFIER = co.userow.NotesUITests;
				PRODUCT_NAME = "$(TARGET_NAME)";
				SWIFT_VERSION = 5.0;
				TARGETED_DEVICE_FAMILY = "1,2";
				TEST_TARGET_NAME = Notes;
			};
			name = Debug;
		};
		CD2359E722CE86330011A612 /* Release */ = {
			isa = XCBuildConfiguration;
			baseConfigurationReference = FCB50763E451763597C4365D /* Pods-NotesUITests.release.xcconfig */;
			buildSettings = {
				ALWAYS_EMBED_SWIFT_STANDARD_LIBRARIES = YES;
				CODE_SIGN_STYLE = Automatic;
				INFOPLIST_FILE = NotesUITests/Info.plist;
				LD_RUNPATH_SEARCH_PATHS = (
					"$(inherited)",
					"@executable_path/Frameworks",
					"@loader_path/Frameworks",
				);
				PRODUCT_BUNDLE_IDENTIFIER = co.userow.NotesUITests;
				PRODUCT_NAME = "$(TARGET_NAME)";
				SWIFT_VERSION = 5.0;
				TARGETED_DEVICE_FAMILY = "1,2";
				TEST_TARGET_NAME = Notes;
			};
			name = Release;
		};
/* End XCBuildConfiguration section */

/* Begin XCConfigurationList section */
		CD2359B222CE86310011A612 /* Build configuration list for PBXProject "Notes" */ = {
			isa = XCConfigurationList;
			buildConfigurations = (
				CD2359DD22CE86330011A612 /* Debug */,
				CD2359DE22CE86330011A612 /* Release */,
				CD1455AA22D2161000624217 /* QA */,
			);
			defaultConfigurationIsVisible = 0;
			defaultConfigurationName = Release;
		};
		CD2359DF22CE86330011A612 /* Build configuration list for PBXNativeTarget "Notes" */ = {
			isa = XCConfigurationList;
			buildConfigurations = (
				CD2359E022CE86330011A612 /* Debug */,
				CD2359E122CE86330011A612 /* Release */,
				CD1455AB22D2161000624217 /* QA */,
			);
			defaultConfigurationIsVisible = 0;
			defaultConfigurationName = Release;
		};
		CD2359E222CE86330011A612 /* Build configuration list for PBXNativeTarget "NotesTests" */ = {
			isa = XCConfigurationList;
			buildConfigurations = (
				CD2359E322CE86330011A612 /* Debug */,
				CD2359E422CE86330011A612 /* Release */,
				CD1455AC22D2161000624217 /* QA */,
			);
			defaultConfigurationIsVisible = 0;
			defaultConfigurationName = Release;
		};
		CD2359E522CE86330011A612 /* Build configuration list for PBXNativeTarget "NotesUITests" */ = {
			isa = XCConfigurationList;
			buildConfigurations = (
				CD2359E622CE86330011A612 /* Debug */,
				CD2359E722CE86330011A612 /* Release */,
				CD1455AD22D2161000624217 /* QA */,
			);
			defaultConfigurationIsVisible = 0;
			defaultConfigurationName = Release;
		};
/* End XCConfigurationList section */
	};
	rootObject = CD2359AF22CE86310011A612 /* Project object */;
}
